
Microsoft Visual Studio Solution File, Format Version 12.00
# Visual Studio Version 17
VisualStudioVersion = 17.10.34928.147
MinimumVisualStudioVersion = 10.0.40219.1
Project("{FAE04EC0-301F-11D3-BF4B-00C04F79EFBC}") = "SocialNetwork", "SocialNetwork\SocialNetwork.csproj", "{7379F749-6FEC-40E6-A071-A49727F582DC}"
EndProject
Global
	GlobalSection(SolutionConfigurationPlatforms) = preSolution
		Debug|Any CPU = Debug|Any CPU
		Release|Any CPU = Release|Any CPU
	EndGlobalSection
	GlobalSection(ProjectConfigurationPlatforms) = postSolution
		{7379F749-6FEC-40E6-A071-A49727F582DC}.Debug|Any CPU.ActiveCfg = Debug|Any CPU
		{7379F749-6FEC-40E6-A071-A49727F582DC}.Debug|Any CPU.Build.0 = Debug|Any CPU
		{7379F749-6FEC-40E6-A071-A49727F582DC}.Release|Any CPU.ActiveCfg = Release|Any CPU
		{7379F749-6FEC-40E6-A071-A49727F582DC}.Release|Any CPU.Build.0 = Release|Any CPU
	EndGlobalSection
	GlobalSection(SolutionProperties) = preSolution
		HideSolutionNode = FALSE
	EndGlobalSection
	GlobalSection(ExtensibilityGlobals) = postSolution
		SolutionGuid = {21C58E64-0C8D-4315-B96C-F4AC8AA1CB8F}
	EndGlobalSection
EndGlobal
